%{"fast_xml": {:hex, :fast_xml, "1.1.11", "1d9aedbe367a3d42ba2c6d9d4ee5808c0846e06a28e366e262e41d3ce462cbdf", [:rebar3], [{:p1_utils, "1.0.3", [hex: :p1_utils, optional: false]}]},
  "p1_utils": {:hex, :p1_utils, "1.0.3", "8d469a34e8fe3898dda9dfda545fdb69cabfee144ebe31732d2c7905420603ec", [:rebar3], []},
  "stringprep": {:hex, :stringprep, "1.0.3", "0fc697484a83c868817c5c6d74c310a1f821b3cf8b6c0eb105335421d0b94d99", [:rebar3], [{:p1_utils, "1.0.3", [hex: :p1_utils, optional: false]}]}}
